{
  "name": "testing",
  "version": "1.0.0",
  "lockfileVersion": 1,
  "requires": true,
  "dependencies": {
    "pachacuy-sc": {
      "version": "0.0.2",
      "resolved": "https://registry.npmjs.org/pachacuy-sc/-/pachacuy-sc-0.0.2.tgz",
      "integrity": "sha512-gNxhlIZWBA0zBYEE/azQAU9orAzA665m33XQetnsRwMNps5rmETVfIC2KJzq6eENJWr3MQSZFOD/r92cnvWZ4w=="
    }
  }
}
